// !$*UTF8*$!
{
	archiveVersion = 1;
	classes = {
	};
	objectVersion = 55;
	objects = {

/* Begin PBXBuildFile section */
		D9E32B38273A94D200350753 /* AppDelegate.swift in Sources */ = {isa = PBXBuildFile; fileRef = D9E32B37273A94D200350753 /* AppDelegate.swift */; };
		D9E32B3A273A94D200350753 /* SceneDelegate.swift in Sources */ = {isa = PBXBuildFile; fileRef = D9E32B39273A94D200350753 /* SceneDelegate.swift */; };
		D9E32B3C273A94D200350753 /* ViewController.swift in Sources */ = {isa = PBXBuildFile; fileRef = D9E32B3B273A94D200350753 /* ViewController.swift */; };
		D9E32B3F273A94D200350753 /* Main.storyboard in Resources */ = {isa = PBXBuildFile; fileRef = D9E32B3D273A94D200350753 /* Main.storyboard */; };
		D9E32B41273A94D300350753 /* Assets.xcassets in Resources */ = {isa = PBXBuildFile; fileRef = D9E32B40273A94D300350753 /* Assets.xcassets */; };
		D9E32B44273A94D300350753 /* LaunchScreen.storyboard in Resources */ = {isa = PBXBuildFile; fileRef = D9E32B42273A94D300350753 /* LaunchScreen.storyboard */; };
		D9E32B4F273A94D300350753 /* ConsumptionTaxAppTests.swift in Sources */ = {isa = PBXBuildFile; fileRef = D9E32B4E273A94D300350753 /* ConsumptionTaxAppTests.swift */; };
		D9E32B59273A94D300350753 /* ConsumptionTaxAppUITests.swift in Sources */ = {isa = PBXBuildFile; fileRef = D9E32B58273A94D300350753 /* ConsumptionTaxAppUITests.swift */; };
		D9E32B5B273A94D300350753 /* ConsumptionTaxAppUITestsLaunchTests.swift in Sources */ = {isa = PBXBuildFile; fileRef = D9E32B5A273A94D300350753 /* ConsumptionTaxAppUITestsLaunchTests.swift */; };
		D9E32B68273BDA2700350753 /* TotalViewController.swift in Sources */ = {isa = PBXBuildFile; fileRef = D9E32B67273BDA2700350753 /* TotalViewController.swift */; };
/* End PBXBuildFile section */

/* Begin PBXContainerItemProxy section */
		D9E32B4B273A94D300350753 /* PBXContainerItemProxy */ = {
			isa = PBXContainerItemProxy;
			containerPortal = D9E32B2C273A94D200350753 /* Project object */;
			proxyType = 1;
			remoteGlobalIDString = D9E32B33273A94D200350753;
			remoteInfo = ConsumptionTaxApp;
		};
		D9E32B55273A94D300350753 /* PBXContainerItemProxy */ = {
			isa = PBXContainerItemProxy;
			containerPortal = D9E32B2C273A94D200350753 /* Project object */;
			proxyType = 1;
			remoteGlobalIDString = D9E32B33273A94D200350753;
			remoteInfo = ConsumptionTaxApp;
		};
/* End PBXContainerItemProxy section */

/* Begin PBXFileReference section */
		D9E32B34273A94D200350753 /* ConsumptionTaxApp.app */ = {isa = PBXFileReference; explicitFileType = wrapper.application; includeInIndex = 0; path = ConsumptionTaxApp.app; sourceTree = BUILT_PRODUCTS_DIR; };
		D9E32B37273A94D200350753 /* AppDelegate.swift */ = {isa = PBXFileReference; lastKnownFileType = sourcecode.swift; path = AppDelegate.swift; sourceTree = "<group>"; };
		D9E32B39273A94D200350753 /* SceneDelegate.swift */ = {isa = PBXFileReference; lastKnownFileType = sourcecode.swift; path = SceneDelegate.swift; sourceTree = "<group>"; };
		D9E32B3B273A94D200350753 /* ViewController.swift */ = {isa = PBXFileReference; lastKnownFileType = sourcecode.swift; path = ViewController.swift; sourceTree = "<group>"; };
		D9E32B3E273A94D200350753 /* Base */ = {isa = PBXFileReference; lastKnownFileType = file.storyboard; name = Base; path = Base.lproj/Main.storyboard; sourceTree = "<group>"; };
		D9E32B40273A94D300350753 /* Assets.xcassets */ = {isa = PBXFileReference; lastKnownFileType = folder.assetcatalog; path = Assets.xcassets; sourceTree = "<group>"; };
		D9E32B43273A94D300350753 /* Base */ = {isa = PBXFileReference; lastKnownFileType = file.storyboard; name = Base; path = Base.lproj/LaunchScreen.storyboard; sourceTree = "<group>"; };
		D9E32B45273A94D300350753 /* Info.plist */ = {isa = PBXFileReference; lastKnownFileType = text.plist.xml; path = Info.plist; sourceTree = "<group>"; };
		D9E32B4A273A94D300350753 /* ConsumptionTaxAppTests.xctest */ = {isa = PBXFileReference; explicitFileType = wrapper.cfbundle; includeInIndex = 0; path = ConsumptionTaxAppTests.xctest; sourceTree = BUILT_PRODUCTS_DIR; };
		D9E32B4E273A94D300350753 /* ConsumptionTaxAppTests.swift */ = {isa = PBXFileReference; lastKnownFileType = sourcecode.swift; path = ConsumptionTaxAppTests.swift; sourceTree = "<group>"; };
		D9E32B54273A94D300350753 /* ConsumptionTaxAppUITests.xctest */ = {isa = PBXFileReference; explicitFileType = wrapper.cfbundle; includeInIndex = 0; path = ConsumptionTaxAppUITests.xctest; sourceTree = BUILT_PRODUCTS_DIR; };
		D9E32B58273A94D300350753 /* ConsumptionTaxAppUITests.swift */ = {isa = PBXFileReference; lastKnownFileType = sourcecode.swift; path = ConsumptionTaxAppUITests.swift; sourceTree = "<group>"; };
		D9E32B5A273A94D300350753 /* ConsumptionTaxAppUITestsLaunchTests.swift */ = {isa = PBXFileReference; lastKnownFileType = sourcecode.swift; path = ConsumptionTaxAppUITestsLaunchTests.swift; sourceTree = "<group>"; };
		D9E32B67273BDA2700350753 /* TotalViewController.swift */ = {isa = PBXFileReference; lastKnownFileType = sourcecode.swift; path = TotalViewController.swift; sourceTree = "<group>"; };
/* End PBXFileReference section */

/* Begin PBXFrameworksBuildPhase section */
		D9E32B31273A94D200350753 /* Frameworks */ = {
			isa = PBXFrameworksBuildPhase;
			buildActionMask = 2147483647;
			files = (
			);
			runOnlyForDeploymentPostprocessing = 0;
		};
		D9E32B47273A94D300350753 /* Frameworks */ = {
			isa = PBXFrameworksBuildPhase;
			buildActionMask = 2147483647;
			files = (
			);
			runOnlyForDeploymentPostprocessing = 0;
		};
		D9E32B51273A94D300350753 /* Frameworks */ = {
			isa = PBXFrameworksBuildPhase;
			buildActionMask = 2147483647;
			files = (
			);
			runOnlyForDeploymentPostprocessing = 0;
		};
/* End PBXFrameworksBuildPhase section */

/* Begin PBXGroup section */
		D9E32B2B273A94D200350753 = {
			isa = PBXGroup;
			children = (
				D9E32B36273A94D200350753 /* ConsumptionTaxApp */,
				D9E32B4D273A94D300350753 /* ConsumptionTaxAppTests */,
				D9E32B57273A94D300350753 /* ConsumptionTaxAppUITests */,
				D9E32B35273A94D200350753 /* Products */,
			);
			sourceTree = "<group>";
		};
		D9E32B35273A94D200350753 /* Products */ = {
			isa = PBXGroup;
			children = (
				D9E32B34273A94D200350753 /* ConsumptionTaxApp.app */,
				D9E32B4A273A94D300350753 /* ConsumptionTaxAppTests.xctest */,
				D9E32B54273A94D300350753 /* ConsumptionTaxAppUITests.xctest */,
			);
			name = Products;
			sourceTree = "<group>";
		};
		D9E32B36273A94D200350753 /* ConsumptionTaxApp */ = {
			isa = PBXGroup;
			children = (
				D9E32B37273A94D200350753 /* AppDelegate.swift */,
				D9E32B39273A94D200350753 /* SceneDelegate.swift */,
				D9E32B3B273A94D200350753 /* ViewController.swift */,
				D9E32B67273BDA2700350753 /* TotalViewController.swift */,
				D9E32B3D273A94D200350753 /* Main.storyboard */,
				D9E32B40273A94D300350753 /* Assets.xcassets */,
				D9E32B42273A94D300350753 /* LaunchScreen.storyboard */,
				D9E32B45273A94D300350753 /* Info.plist */,
			);
			path = ConsumptionTaxApp;
			sourceTree = "<group>";
		};
		D9E32B4D273A94D300350753 /* ConsumptionTaxAppTests */ = {
			isa = PBXGroup;
			children = (
				D9E32B4E273A94D300350753 /* ConsumptionTaxAppTests.swift */,
			);
			path = ConsumptionTaxAppTests;
			sourceTree = "<group>";
		};
		D9E32B57273A94D300350753 /* ConsumptionTaxAppUITests */ = {
			isa = PBXGroup;
			children = (
				D9E32B58273A94D300350753 /* ConsumptionTaxAppUITests.swift */,
				D9E32B5A273A94D300350753 /* ConsumptionTaxAppUITestsLaunchTests.swift */,
			);
			path = ConsumptionTaxAppUITests;
			sourceTree = "<group>";
		};
/* End PBXGroup section */

/* Begin PBXNativeTarget section */
		D9E32B33273A94D200350753 /* ConsumptionTaxApp */ = {
			isa = PBXNativeTarget;
			buildConfigurationList = D9E32B5E273A94D300350753 /* Build configuration list for PBXNativeTarget "ConsumptionTaxApp" */;
			buildPhases = (
				D9E32B30273A94D200350753 /* Sources */,
				D9E32B31273A94D200350753 /* Frameworks */,
				D9E32B32273A94D200350753 /* Resources */,
			);
			buildRules = (
			);
			dependencies = (
			);
			name = ConsumptionTaxApp;
			productName = ConsumptionTaxApp;
			productReference = D9E32B34273A94D200350753 /* ConsumptionTaxApp.app */;
			productType = "com.apple.product-type.application";
		};
		D9E32B49273A94D300350753 /* ConsumptionTaxAppTests */ = {
			isa = PBXNativeTarget;
			buildConfigurationList = D9E32B61273A94D300350753 /* Build configuration list for PBXNativeTarget "ConsumptionTaxAppTests" */;
			buildPhases = (
				D9E32B46273A94D300350753 /* Sources */,
				D9E32B47273A94D300350753 /* Frameworks */,
				D9E32B48273A94D300350753 /* Resources */,
			);
			buildRules = (
			);
			dependencies = (
				D9E32B4C273A94D300350753 /* PBXTargetDependency */,
			);
			name = ConsumptionTaxAppTests;
			productName = ConsumptionTaxAppTests;
			productReference = D9E32B4A273A94D300350753 /* ConsumptionTaxAppTests.xctest */;
			productType = "com.apple.product-type.bundle.unit-test";
		};
		D9E32B53273A94D300350753 /* ConsumptionTaxAppUITests */ = {
			isa = PBXNativeTarget;
			buildConfigurationList = D9E32B64273A94D300350753 /* Build configuration list for PBXNativeTarget "ConsumptionTaxAppUITests" */;
			buildPhases = (
				D9E32B50273A94D300350753 /* Sources */,
				D9E32B51273A94D300350753 /* Frameworks */,
				D9E32B52273A94D300350753 /* Resources */,
			);
			buildRules = (
			);
			dependencies = (
				D9E32B56273A94D300350753 /* PBXTargetDependency */,
			);
			name = ConsumptionTaxAppUITests;
			productName = ConsumptionTaxAppUITests;
			productReference = D9E32B54273A94D300350753 /* ConsumptionTaxAppUITests.xctest */;
			productType = "com.apple.product-type.bundle.ui-testing";
		};
/* End PBXNativeTarget section */

/* Begin PBXProject section */
		D9E32B2C273A94D200350753 /* Project object */ = {
			isa = PBXProject;
			attributes = {
				BuildIndependentTargetsInParallel = 1;
				LastSwiftUpdateCheck = 1310;
				LastUpgradeCheck = 1310;
				TargetAttributes = {
					D9E32B33273A94D200350753 = {
						CreatedOnToolsVersion = 13.1;
					};
					D9E32B49273A94D300350753 = {
						CreatedOnToolsVersion = 13.1;
						TestTargetID = D9E32B33273A94D200350753;
					};
					D9E32B53273A94D300350753 = {
						CreatedOnToolsVersion = 13.1;
						TestTargetID = D9E32B33273A94D200350753;
					};
				};
			};
			buildConfigurationList = D9E32B2F273A94D200350753 /* Build configuration list for PBXProject "ConsumptionTaxApp" */;
			compatibilityVersion = "Xcode 13.0";
			developmentRegion = en;
			hasScannedForEncodings = 0;
			knownRegions = (
				en,
				Base,
			);
			mainGroup = D9E32B2B273A94D200350753;
			productRefGroup = D9E32B35273A94D200350753 /* Products */;
			projectDirPath = "";
			projectRoot = "";
			targets = (
				D9E32B33273A94D200350753 /* ConsumptionTaxApp */,
				D9E32B49273A94D300350753 /* ConsumptionTaxAppTests */,
				D9E32B53273A94D300350753 /* ConsumptionTaxAppUITests */,
			);
		};
/* End PBXProject section */

/* Begin PBXResourcesBuildPhase section */
		D9E32B32273A94D200350753 /* Resources */ = {
			isa = PBXResourcesBuildPhase;
			buildActionMask = 2147483647;
			files = (
				D9E32B44273A94D300350753 /* LaunchScreen.storyboard in Resources */,
				D9E32B41273A94D300350753 /* Assets.xcassets in Resources */,
				D9E32B3F273A94D200350753 /* Main.storyboard in Resources */,
			);
			runOnlyForDeploymentPostprocessing = 0;
		};
		D9E32B48273A94D300350753 /* Resources */ = {
			isa = PBXResourcesBuildPhase;
			buildActionMask = 2147483647;
			files = (
			);
			runOnlyForDeploymentPostprocessing = 0;
		};
		D9E32B52273A94D300350753 /* Resources */ = {
			isa = PBXResourcesBuildPhase;
			buildActionMask = 2147483647;
			files = (
			);
			runOnlyForDeploymentPostprocessing = 0;
		};
/* End PBXResourcesBuildPhase section */

/* Begin PBXSourcesBuildPhase section */
		D9E32B30273A94D200350753 /* Sources */ = {
			isa = PBXSourcesBuildPhase;
			buildActionMask = 2147483647;
			files = (
				D9E32B3C273A94D200350753 /* ViewController.swift in Sources */,
				D9E32B38273A94D200350753 /* AppDelegate.swift in Sources */,
				D9E32B3A273A94D200350753 /* SceneDelegate.swift in Sources */,
				D9E32B68273BDA2700350753 /* TotalViewController.swift in Sources */,
			);
			runOnlyForDeploymentPostprocessing = 0;
		};
		D9E32B46273A94D300350753 /* Sources */ = {
			isa = PBXSourcesBuildPhase;
			buildActionMask = 2147483647;
			files = (
				D9E32B4F273A94D300350753 /* ConsumptionTaxAppTests.swift in Sources */,
			);
			runOnlyForDeploymentPostprocessing = 0;
		};
		D9E32B50273A94D300350753 /* Sources */ = {
			isa = PBXSourcesBuildPhase;
			buildActionMask = 2147483647;
			files = (
				D9E32B5B273A94D300350753 /* ConsumptionTaxAppUITestsLaunchTests.swift in Sources */,
				D9E32B59273A94D300350753 /* ConsumptionTaxAppUITests.swift in Sources */,
			);
			runOnlyForDeploymentPostprocessing = 0;
		};
/* End PBXSourcesBuildPhase section */

/* Begin PBXTargetDependency section */
		D9E32B4C273A94D300350753 /* PBXTargetDependency */ = {
			isa = PBXTargetDependency;
			target = D9E32B33273A94D200350753 /* ConsumptionTaxApp */;
			targetProxy = D9E32B4B273A94D300350753 /* PBXContainerItemProxy */;
		};
		D9E32B56273A94D300350753 /* PBXTargetDependency */ = {
			isa = PBXTargetDependency;
			target = D9E32B33273A94D200350753 /* ConsumptionTaxApp */;
			targetProxy = D9E32B55273A94D300350753 /* PBXContainerItemProxy */;
		};
/* End PBXTargetDependency section */

/* Begin PBXVariantGroup section */
		D9E32B3D273A94D200350753 /* Main.storyboard */ = {
			isa = PBXVariantGroup;
			children = (
				D9E32B3E273A94D200350753 /* Base */,
			);
			name = Main.storyboard;
			sourceTree = "<group>";
		};
		D9E32B42273A94D300350753 /* LaunchScreen.storyboard */ = {
			isa = PBXVariantGroup;
			children = (
				D9E32B43273A94D300350753 /* Base */,
			);
			name = LaunchScreen.storyboard;
			sourceTree = "<group>";
		};
/* End PBXVariantGroup section */

/* Begin XCBuildConfiguration section */
		D9E32B5C273A94D300350753 /* Debug */ = {
			isa = XCBuildConfiguration;
			buildSettings = {
				ALWAYS_SEARCH_USER_PATHS = NO;
				CLANG_ANALYZER_NONNULL = YES;
				CLANG_ANALYZER_NUMBER_OBJECT_CONVERSION = YES_AGGRESSIVE;
				CLANG_CXX_LANGUAGE_STANDARD = "gnu++17";
				CLANG_CXX_LIBRARY = "libc++";
				CLANG_ENABLE_MODULES = YES;
				CLANG_ENABLE_OBJC_ARC = YES;
				CLANG_ENABLE_OBJC_WEAK = YES;
				CLANG_WARN_BLOCK_CAPTURE_AUTORELEASING = YES;
				CLANG_WARN_BOOL_CONVERSION = YES;
				CLANG_WARN_COMMA = YES;
				CLANG_WARN_CONSTANT_CONVERSION = YES;
				CLANG_WARN_DEPRECATED_OBJC_IMPLEMENTATIONS = YES;
				CLANG_WARN_DIRECT_OBJC_ISA_USAGE = YES_ERROR;
				CLANG_WARN_DOCUMENTATION_COMMENTS = YES;
				CLANG_WARN_EMPTY_BODY = YES;
				CLANG_WARN_ENUM_CONVERSION = YES;
				CLANG_WARN_INFINITE_RECURSION = YES;
				CLANG_WARN_INT_CONVERSION = YES;
				CLANG_WARN_NON_LITERAL_NULL_CONVERSION = YES;
				CLANG_WARN_OBJC_IMPLICIT_RETAIN_SELF = YES;
				CLANG_WARN_OBJC_LITERAL_CONVERSION = YES;
				CLANG_WARN_OBJC_ROOT_CLASS = YES_ERROR;
				CLANG_WARN_QUOTED_INCLUDE_IN_FRAMEWORK_HEADER = YES;
				CLANG_WARN_RANGE_LOOP_ANALYSIS = YES;
				CLANG_WARN_STRICT_PROTOTYPES = YES;
				CLANG_WARN_SUSPICIOUS_MOVE = YES;
				CLANG_WARN_UNGUARDED_AVAILABILITY = YES_AGGRESSIVE;
				CLANG_WARN_UNREACHABLE_CODE = YES;
				CLANG_WARN__DUPLICATE_METHOD_MATCH = YES;
				COPY_PHASE_STRIP = NO;
				DEBUG_INFORMATION_FORMAT = dwarf;
				ENABLE_STRICT_OBJC_MSGSEND = YES;
				ENABLE_TESTABILITY = YES;
				GCC_C_LANGUAGE_STANDARD = gnu11;
				GCC_DYNAMIC_NO_PIC = NO;
				GCC_NO_COMMON_BLOCKS = YES;
				GCC_OPTIMIZATION_LEVEL = 0;
				GCC_PREPROCESSOR_DEFINITIONS = (
					"DEBUG=1",
					"$(inherited)",
				);
				GCC_WARN_64_TO_32_BIT_CONVERSION = YES;
				GCC_WARN_ABOUT_RETURN_TYPE = YES_ERROR;
				GCC_WARN_UNDECLARED_SELECTOR = YES;
				GCC_WARN_UNINITIALIZED_AUTOS = YES_AGGRESSIVE;
				GCC_WARN_UNUSED_FUNCTION = YES;
				GCC_WARN_UNUSED_VARIABLE = YES;
				IPHONEOS_DEPLOYMENT_TARGET = 15.0;
				MTL_ENABLE_DEBUG_INFO = INCLUDE_SOURCE;
				MTL_FAST_MATH = YES;
				ONLY_ACTIVE_ARCH = YES;
				SDKROOT = iphoneos;
				SWIFT_ACTIVE_COMPILATION_CONDITIONS = DEBUG;
				SWIFT_OPTIMIZATION_LEVEL = "-Onone";
			};
			name = Debug;
		};
		D9E32B5D273A94D300350753 /* Release */ = {
			isa = XCBuildConfiguration;
			buildSettings = {
				ALWAYS_SEARCH_USER_PATHS = NO;
				CLANG_ANALYZER_NONNULL = YES;
				CLANG_ANALYZER_NUMBER_OBJECT_CONVERSION = YES_AGGRESSIVE;
				CLANG_CXX_LANGUAGE_STANDARD = "gnu++17";
				CLANG_CXX_LIBRARY = "libc++";
				CLANG_ENABLE_MODULES = YES;
				CLANG_ENABLE_OBJC_ARC = YES;
				CLANG_ENABLE_OBJC_WEAK = YES;
				CLANG_WARN_BLOCK_CAPTURE_AUTORELEASING = YES;
				CLANG_WARN_BOOL_CONVERSION = YES;
				CLANG_WARN_COMMA = YES;
				CLANG_WARN_CONSTANT_CONVERSION = YES;
				CLANG_WARN_DEPRECATED_OBJC_IMPLEMENTATIONS = YES;
				CLANG_WARN_DIRECT_OBJC_ISA_USAGE = YES_ERROR;
				CLANG_WARN_DOCUMENTATION_COMMENTS = YES;
				CLANG_WARN_EMPTY_BODY = YES;
				CLANG_WARN_ENUM_CONVERSION = YES;
				CLANG_WARN_INFINITE_RECURSION = YES;
				CLANG_WARN_INT_CONVERSION = YES;
				CLANG_WARN_NON_LITERAL_NULL_CONVERSION = YES;
				CLANG_WARN_OBJC_IMPLICIT_RETAIN_SELF = YES;
				CLANG_WARN_OBJC_LITERAL_CONVERSION = YES;
				CLANG_WARN_OBJC_ROOT_CLASS = YES_ERROR;
				CLANG_WARN_QUOTED_INCLUDE_IN_FRAMEWORK_HEADER = YES;
				CLANG_WARN_RANGE_LOOP_ANALYSIS = YES;
				CLANG_WARN_STRICT_PROTOTYPES = YES;
				CLANG_WARN_SUSPICIOUS_MOVE = YES;
				CLANG_WARN_UNGUARDED_AVAILABILITY = YES_AGGRESSIVE;
				CLANG_WARN_UNREACHABLE_CODE = YES;
				CLANG_WARN__DUPLICATE_METHOD_MATCH = YES;
				COPY_PHASE_STRIP = NO;
				DEBUG_INFORMATION_FORMAT = "dwarf-with-dsym";
				ENABLE_NS_ASSERTIONS = NO;
				ENABLE_STRICT_OBJC_MSGSEND = YES;
				GCC_C_LANGUAGE_STANDARD = gnu11;
				GCC_NO_COMMON_BLOCKS = YES;
				GCC_WARN_64_TO_32_BIT_CONVERSION = YES;
				GCC_WARN_ABOUT_RETURN_TYPE = YES_ERROR;
				GCC_WARN_UNDECLARED_SELECTOR = YES;
				GCC_WARN_UNINITIALIZED_AUTOS = YES_AGGRESSIVE;
				GCC_WARN_UNUSED_FUNCTION = YES;
				GCC_WARN_UNUSED_VARIABLE = YES;
				IPHONEOS_DEPLOYMENT_TARGET = 15.0;
				MTL_ENABLE_DEBUG_INFO = NO;
				MTL_FAST_MATH = YES;
				SDKROOT = iphoneos;
				SWIFT_COMPILATION_MODE = wholemodule;
				SWIFT_OPTIMIZATION_LEVEL = "-O";
				VALIDATE_PRODUCT = YES;
			};
			name = Release;
		};
		D9E32B5F273A94D300350753 /* Debug */ = {
			isa = XCBuildConfiguration;
			buildSettings = {
				ASSETCATALOG_COMPILER_APPICON_NAME = AppIcon;
				ASSETCATALOG_COMPILER_GLOBAL_ACCENT_COLOR_NAME = AccentColor;
				CODE_SIGN_STYLE = Automatic;
				CURRENT_PROJECT_VERSION = 1;
				GENERATE_INFOPLIST_FILE = YES;
				INFOPLIST_FILE = ConsumptionTaxApp/Info.plist;
				INFOPLIST_KEY_UIApplicationSupportsIndirectInputEvents = YES;
				INFOPLIST_KEY_UILaunchStoryboardName = LaunchScreen;
				INFOPLIST_KEY_UIMainStoryboardFile = Main;
				INFOPLIST_KEY_UISupportedInterfaceOrientations_iPad = "UIInterfaceOrientationPortrait UIInterfaceOrientationPortraitUpsideDown UIInterfaceOrientationLandscapeLeft UIInterfaceOrientationLandscapeRight";
				INFOPLIST_KEY_UISupportedInterfaceOrientations_iPhone = "UIInterfaceOrientationPortrait UIInterfaceOrientationLandscapeLeft UIInterfaceOrientationLandscapeRight";
				LD_RUNPATH_SEARCH_PATHS = (
					"$(inherited)",
					"@executable_path/Frameworks",
				);
				MARKETING_VERSION = 1.0;
				PRODUCT_BUNDLE_IDENTIFIER = com.yasu.ConsumptionTaxApp;
				PRODUCT_NAME = "$(TARGET_NAME)";
				SWIFT_EMIT_LOC_STRINGS = YES;
				SWIFT_VERSION = 5.0;
				TARGETED_DEVICE_FAMILY = "1,2";
			};
			name = Debug;
		};
		D9E32B60273A94D300350753 /* Release */ = {
			isa = XCBuildConfiguration;
			buildSettings = {
				ASSETCATALOG_COMPILER_APPICON_NAME = AppIcon;
				ASSETCATALOG_COMPILER_GLOBAL_ACCENT_COLOR_NAME = AccentColor;
				CODE_SIGN_STYLE = Automatic;
				CURRENT_PROJECT_VERSION = 1;
				GENERATE_INFOPLIST_FILE = YES;
				INFOPLIST_FILE = ConsumptionTaxApp/Info.plist;
				INFOPLIST_KEY_UIApplicationSupportsIndirectInputEvents = YES;
				INFOPLIST_KEY_UILaunchStoryboardName = LaunchScreen;
				INFOPLIST_KEY_UIMainStoryboardFile = Main;
				INFOPLIST_KEY_UISupportedInterfaceOrientations_iPad = "UIInterfaceOrientationPortrait UIInterfaceOrientationPortraitUpsideDown UIInterfaceOrientationLandscapeLeft UIInterfaceOrientationLandscapeRight";
				INFOPLIST_KEY_UISupportedInterfaceOrientations_iPhone = "UIInterfaceOrientationPortrait UIInterfaceOrientationLandscapeLeft UIInterfaceOrientationLandscapeRight";
				LD_RUNPATH_SEARCH_PATHS = (
					"$(inherited)",
					"@executable_path/Frameworks",
				);
				MARKETING_VERSION = 1.0;
				PRODUCT_BUNDLE_IDENTIFIER = com.yasu.ConsumptionTaxApp;
				PRODUCT_NAME = "$(TARGET_NAME)";
				SWIFT_EMIT_LOC_STRINGS = YES;
				SWIFT_VERSION = 5.0;
				TARGETED_DEVICE_FAMILY = "1,2";
			};
			name = Release;
		};
		D9E32B62273A94D300350753 /* Debug */ = {
			isa = XCBuildConfiguration;
			buildSettings = {
				ALWAYS_EMBED_SWIFT_STANDARD_LIBRARIES = YES;
				BUNDLE_LOADER = "$(TEST_HOST)";
				CODE_SIGN_STYLE = Automatic;
				CURRENT_PROJECT_VERSION = 1;
				GENERATE_INFOPLIST_FILE = YES;
				IPHONEOS_DEPLOYMENT_TARGET = 15.0;
				LD_RUNPATH_SEARCH_PATHS = (
					"$(inherited)",
					"@executable_path/Frameworks",
					"@loader_path/Frameworks",
				);
				MARKETING_VERSION = 1.0;
				PRODUCT_BUNDLE_IDENTIFIER = com.yasu.ConsumptionTaxAppTests;
				PRODUCT_NAME = "$(TARGET_NAME)";
				SWIFT_EMIT_LOC_STRINGS = NO;
				SWIFT_VERSION = 5.0;
				TARGETED_DEVICE_FAMILY = "1,2";
				TEST_HOST = "$(BUILT_PRODUCTS_DIR)/ConsumptionTaxApp.app/ConsumptionTaxApp";
			};
			name = Debug;
		};
		D9E32B63273A94D300350753 /* Release */ = {
			isa = XCBuildConfiguration;
			buildSettings = {
				ALWAYS_EMBED_SWIFT_STANDARD_LIBRARIES = YES;
				BUNDLE_LOADER = "$(TEST_HOST)";
				CODE_SIGN_STYLE = Automatic;
				CURRENT_PROJECT_VERSION = 1;
				GENERATE_INFOPLIST_FILE = YES;
				IPHONEOS_DEPLOYMENT_TARGET = 15.0;
				LD_RUNPATH_SEARCH_PATHS = (
					"$(inherited)",
					"@executable_path/Frameworks",
					"@loader_path/Frameworks",
				);
				MARKETING_VERSION = 1.0;
				PRODUCT_BUNDLE_IDENTIFIER = com.yasu.ConsumptionTaxAppTests;
				PRODUCT_NAME = "$(TARGET_NAME)";
				SWIFT_EMIT_LOC_STRINGS = NO;
				SWIFT_VERSION = 5.0;
				TARGETED_DEVICE_FAMILY = "1,2";
				TEST_HOST = "$(BUILT_PRODUCTS_DIR)/ConsumptionTaxApp.app/ConsumptionTaxApp";
			};
			name = Release;
		};
		D9E32B65273A94D300350753 /* Debug */ = {
			isa = XCBuildConfiguration;
			buildSettings = {
				ALWAYS_EMBED_SWIFT_STANDARD_LIBRARIES = YES;
				CODE_SIGN_STYLE = Automatic;
				CURRENT_PROJECT_VERSION = 1;
				GENERATE_INFOPLIST_FILE = YES;
				LD_RUNPATH_SEARCH_PATHS = (
					"$(inherited)",
					"@executable_path/Frameworks",
					"@loader_path/Frameworks",
				);
				MARKETING_VERSION = 1.0;
				PRODUCT_BUNDLE_IDENTIFIER = com.yasu.ConsumptionTaxAppUITests;
				PRODUCT_NAME = "$(TARGET_NAME)";
				SWIFT_EMIT_LOC_STRINGS = NO;
				SWIFT_VERSION = 5.0;
				TARGETED_DEVICE_FAMILY = "1,2";
				TEST_TARGET_NAME = ConsumptionTaxApp;
			};
			name = Debug;
		};
		D9E32B66273A94D300350753 /* Release */ = {
			isa = XCBuildConfiguration;
			buildSettings = {
				ALWAYS_EMBED_SWIFT_STANDARD_LIBRARIES = YES;
				CODE_SIGN_STYLE = Automatic;
				CURRENT_PROJECT_VERSION = 1;
				GENERATE_INFOPLIST_FILE = YES;
				LD_RUNPATH_SEARCH_PATHS = (
					"$(inherited)",
					"@executable_path/Frameworks",
					"@loader_path/Frameworks",
				);
				MARKETING_VERSION = 1.0;
				PRODUCT_BUNDLE_IDENTIFIER = com.yasu.ConsumptionTaxAppUITests;
				PRODUCT_NAME = "$(TARGET_NAME)";
				SWIFT_EMIT_LOC_STRINGS = NO;
				SWIFT_VERSION = 5.0;
				TARGETED_DEVICE_FAMILY = "1,2";
				TEST_TARGET_NAME = ConsumptionTaxApp;
			};
			name = Release;
		};
/* End XCBuildConfiguration section */

/* Begin XCConfigurationList section */
		D9E32B2F273A94D200350753 /* Build configuration list for PBXProject "ConsumptionTaxApp" */ = {
			isa = XCConfigurationList;
			buildConfigurations = (
				D9E32B5C273A94D300350753 /* Debug */,
				D9E32B5D273A94D300350753 /* Release */,
			);
			defaultConfigurationIsVisible = 0;
			defaultConfigurationName = Release;
		};
		D9E32B5E273A94D300350753 /* Build configuration list for PBXNativeTarget "ConsumptionTaxApp" */ = {
			isa = XCConfigurationList;
			buildConfigurations = (
				D9E32B5F273A94D300350753 /* Debug */,
				D9E32B60273A94D300350753 /* Release */,
			);
			defaultConfigurationIsVisible = 0;
			defaultConfigurationName = Release;
		};
		D9E32B61273A94D300350753 /* Build configuration list for PBXNativeTarget "ConsumptionTaxAppTests" */ = {
			isa = XCConfigurationList;
			buildConfigurations = (
				D9E32B62273A94D300350753 /* Debug */,
				D9E32B63273A94D300350753 /* Release */,
			);
			defaultConfigurationIsVisible = 0;
			defaultConfigurationName = Release;
		};
		D9E32B64273A94D300350753 /* Build configuration list for PBXNativeTarget "ConsumptionTaxAppUITests" */ = {
			isa = XCConfigurationList;
			buildConfigurations = (
				D9E32B65273A94D300350753 /* Debug */,
				D9E32B66273A94D300350753 /* Release */,
			);
			defaultConfigurationIsVisible = 0;
			defaultConfigurationName = Release;
		};
/* End XCConfigurationList section */
	};
	rootObject = D9E32B2C273A94D200350753 /* Project object */;
}
